
Microsoft Visual Studio Solution File, Format Version 12.00
# Visual Studio Version 17
VisualStudioVersion = 17.13.35931.197
MinimumVisualStudioVersion = 10.0.40219.1
Project("{FAE04EC0-301F-11D3-BF4B-00C04F79EFBC}") = "ProjQuakeLogParser.APPLICATION", "ProjQuakeLogParser.APPLICATION\ProjQuakeLogParser.APPLICATION.csproj", "{0EE370D7-F45C-45EA-8757-734EFD919982}"
EndProject
Project("{FAE04EC0-301F-11D3-BF4B-00C04F79EFBC}") = "ProjQuakeLogParser.IOC", "ProjQuakeLogParser.IOC\ProjQuakeLogParser.IOC.csproj", "{62C334A5-BE43-4A77-97FF-BE2281AC5EE0}"
EndProject
Project("{FAE04EC0-301F-11D3-BF4B-00C04F79EFBC}") = "ProjQuakeLogParser.API", "ProjQuakeLogParser.API\ProjQuakeLogParser.API.csproj", "{B064EF11-F534-77C1-D40B-121390194D1E}"
EndProject
Project("{FAE04EC0-301F-11D3-BF4B-00C04F79EFBC}") = "ProjQuakerLogParser.TEST", "ProjQuakerLogParser.TEST\ProjQuakerLogParser.TEST.csproj", "{BADDCC61-3BEA-4DDD-BF97-D6989042ACEA}"
EndProject
Global
	GlobalSection(SolutionConfigurationPlatforms) = preSolution
		Debug|Any CPU = Debug|Any CPU
		Release|Any CPU = Release|Any CPU
	EndGlobalSection
	GlobalSection(ProjectConfigurationPlatforms) = postSolution
		{0EE370D7-F45C-45EA-8757-734EFD919982}.Debug|Any CPU.ActiveCfg = Debug|Any CPU
		{0EE370D7-F45C-45EA-8757-734EFD919982}.Debug|Any CPU.Build.0 = Debug|Any CPU
		{0EE370D7-F45C-45EA-8757-734EFD919982}.Release|Any CPU.ActiveCfg = Release|Any CPU
		{0EE370D7-F45C-45EA-8757-734EFD919982}.Release|Any CPU.Build.0 = Release|Any CPU
		{62C334A5-BE43-4A77-97FF-BE2281AC5EE0}.Debug|Any CPU.ActiveCfg = Debug|Any CPU
		{62C334A5-BE43-4A77-97FF-BE2281AC5EE0}.Debug|Any CPU.Build.0 = Debug|Any CPU
		{62C334A5-BE43-4A77-97FF-BE2281AC5EE0}.Release|Any CPU.ActiveCfg = Release|Any CPU
		{62C334A5-BE43-4A77-97FF-BE2281AC5EE0}.Release|Any CPU.Build.0 = Release|Any CPU
		{B064EF11-F534-77C1-D40B-121390194D1E}.Debug|Any CPU.ActiveCfg = Debug|Any CPU
		{B064EF11-F534-77C1-D40B-121390194D1E}.Debug|Any CPU.Build.0 = Debug|Any CPU
		{B064EF11-F534-77C1-D40B-121390194D1E}.Release|Any CPU.ActiveCfg = Release|Any CPU
		{B064EF11-F534-77C1-D40B-121390194D1E}.Release|Any CPU.Build.0 = Release|Any CPU
		{BADDCC61-3BEA-4DDD-BF97-D6989042ACEA}.Debug|Any CPU.ActiveCfg = Debug|Any CPU
		{BADDCC61-3BEA-4DDD-BF97-D6989042ACEA}.Debug|Any CPU.Build.0 = Debug|Any CPU
		{BADDCC61-3BEA-4DDD-BF97-D6989042ACEA}.Release|Any CPU.ActiveCfg = Release|Any CPU
		{BADDCC61-3BEA-4DDD-BF97-D6989042ACEA}.Release|Any CPU.Build.0 = Release|Any CPU
	EndGlobalSection
	GlobalSection(SolutionProperties) = preSolution
		HideSolutionNode = FALSE
	EndGlobalSection
	GlobalSection(ExtensibilityGlobals) = postSolution
		SolutionGuid = {475BC375-66BE-46A4-A816-A9777C02EE3C}
	EndGlobalSection
EndGlobal
